// !$*UTF8*$!
{
	archiveVersion = 1;
	classes = {
	};
	objectVersion = 77;
	objects = {

/* Begin PBXContainerItemProxy section */
		C3C25A102E6BCABE00A4CAB6 /* PBXContainerItemProxy */ = {
			isa = PBXContainerItemProxy;
			containerPortal = C3C259F92E6BCABD00A4CAB6 /* Project object */;
			proxyType = 1;
			remoteGlobalIDString = C3C25A002E6BCABD00A4CAB6;
			remoteInfo = "ToDo通知";
		};
		C3C25A1A2E6BCABE00A4CAB6 /* PBXContainerItemProxy */ = {
			isa = PBXContainerItemProxy;
			containerPortal = C3C259F92E6BCABD00A4CAB6 /* Project object */;
			proxyType = 1;
			remoteGlobalIDString = C3C25A002E6BCABD00A4CAB6;
			remoteInfo = "ToDo通知";
		};
/* End PBXContainerItemProxy section */

/* Begin PBXFileReference section */
		C3C25A012E6BCABD00A4CAB6 /* SmartMemo - シンプルリマインダー.app */ = {isa = PBXFileReference; explicitFileType = wrapper.application; includeInIndex = 0; path = "SmartMemo - シンプルリマインダー.app"; sourceTree = BUILT_PRODUCTS_DIR; };
		C3C25A0F2E6BCABE00A4CAB6 /* SmartMemo - シンプルリマインダーTests.xctest */ = {isa = PBXFileReference; explicitFileType = wrapper.cfbundle; includeInIndex = 0; path = "SmartMemo - シンプルリマインダーTests.xctest"; sourceTree = BUILT_PRODUCTS_DIR; };
		C3C25A192E6BCABE00A4CAB6 /* SmartMemo - シンプルリマインダーUITests.xctest */ = {isa = PBXFileReference; explicitFileType = wrapper.cfbundle; includeInIndex = 0; path = "SmartMemo - シンプルリマインダーUITests.xctest"; sourceTree = BUILT_PRODUCTS_DIR; };
/* End PBXFileReference section */

/* Begin PBXFileSystemSynchronizedRootGroup section */
		C3C25A032E6BCABD00A4CAB6 /* ToDo通知 */ = {
			isa = PBXFileSystemSynchronizedRootGroup;
			path = "ToDo通知";
			sourceTree = "<group>";
		};
		C3C25A122E6BCABE00A4CAB6 /* ToDo通知Tests */ = {
			isa = PBXFileSystemSynchronizedRootGroup;
			path = "ToDo通知Tests";
			sourceTree = "<group>";
		};
		C3C25A1C2E6BCABE00A4CAB6 /* ToDo通知UITests */ = {
			isa = PBXFileSystemSynchronizedRootGroup;
			path = "ToDo通知UITests";
			sourceTree = "<group>";
		};
/* End PBXFileSystemSynchronizedRootGroup section */

/* Begin PBXFrameworksBuildPhase section */
		C3C259FE2E6BCABD00A4CAB6 /* Frameworks */ = {
			isa = PBXFrameworksBuildPhase;
			buildActionMask = 2147483647;
			files = (
			);
			runOnlyForDeploymentPostprocessing = 0;
		};
		C3C25A0C2E6BCABE00A4CAB6 /* Frameworks */ = {
			isa = PBXFrameworksBuildPhase;
			buildActionMask = 2147483647;
			files = (
			);
			runOnlyForDeploymentPostprocessing = 0;
		};
		C3C25A162E6BCABE00A4CAB6 /* Frameworks */ = {
			isa = PBXFrameworksBuildPhase;
			buildActionMask = 2147483647;
			files = (
			);
			runOnlyForDeploymentPostprocessing = 0;
		};
/* End PBXFrameworksBuildPhase section */

/* Begin PBXGroup section */
		C3C259F82E6BCABD00A4CAB6 = {
			isa = PBXGroup;
			children = (
				C3C25A032E6BCABD00A4CAB6 /* ToDo通知 */,
				C3C25A122E6BCABE00A4CAB6 /* ToDo通知Tests */,
				C3C25A1C2E6BCABE00A4CAB6 /* ToDo通知UITests */,
				C3C25A022E6BCABD00A4CAB6 /* Products */,
			);
			sourceTree = "<group>";
		};
		C3C25A022E6BCABD00A4CAB6 /* Products */ = {
			isa = PBXGroup;
			children = (
				C3C25A012E6BCABD00A4CAB6 /* SmartMemo - シンプルリマインダー.app */,
				C3C25A0F2E6BCABE00A4CAB6 /* SmartMemo - シンプルリマインダーTests.xctest */,
				C3C25A192E6BCABE00A4CAB6 /* SmartMemo - シンプルリマインダーUITests.xctest */,
			);
			name = Products;
			sourceTree = "<group>";
		};
/* End PBXGroup section */

/* Begin PBXNativeTarget section */
		C3C25A002E6BCABD00A4CAB6 /* SmartMemo - シンプルリマインダー */ = {
			isa = PBXNativeTarget;
			buildConfigurationList = C3C25A232E6BCABE00A4CAB6 /* Build configuration list for PBXNativeTarget "SmartMemo - シンプルリマインダー" */;
			buildPhases = (
				C3C259FD2E6BCABD00A4CAB6 /* Sources */,
				C3C259FE2E6BCABD00A4CAB6 /* Frameworks */,
				C3C259FF2E6BCABD00A4CAB6 /* Resources */,
			);
			buildRules = (
			);
			dependencies = (
			);
			fileSystemSynchronizedGroups = (
				C3C25A032E6BCABD00A4CAB6 /* ToDo通知 */,
			);
			name = "SmartMemo - シンプルリマインダー";
			packageProductDependencies = (
			);
			productName = "ToDo通知";
			productReference = C3C25A012E6BCABD00A4CAB6 /* SmartMemo - シンプルリマインダー.app */;
			productType = "com.apple.product-type.application";
		};
		C3C25A0E2E6BCABE00A4CAB6 /* SmartMemo - シンプルリマインダーTests */ = {
			isa = PBXNativeTarget;
			buildConfigurationList = C3C25A262E6BCABE00A4CAB6 /* Build configuration list for PBXNativeTarget "SmartMemo - シンプルリマインダーTests" */;
			buildPhases = (
				C3C25A0B2E6BCABE00A4CAB6 /* Sources */,
				C3C25A0C2E6BCABE00A4CAB6 /* Frameworks */,
				C3C25A0D2E6BCABE00A4CAB6 /* Resources */,
			);
			buildRules = (
			);
			dependencies = (
				C3C25A112E6BCABE00A4CAB6 /* PBXTargetDependency */,
			);
			fileSystemSynchronizedGroups = (
				C3C25A122E6BCABE00A4CAB6 /* ToDo通知Tests */,
			);
			name = "SmartMemo - シンプルリマインダーTests";
			packageProductDependencies = (
			);
			productName = "Notification memo1Tests";
			productReference = C3C25A0F2E6BCABE00A4CAB6 /* SmartMemo - シンプルリマインダーTests.xctest */;
			productType = "com.apple.product-type.bundle.unit-test";
		};
		C3C25A182E6BCABE00A4CAB6 /* SmartMemo - シンプルリマインダーUITests */ = {
			isa = PBXNativeTarget;
			buildConfigurationList = C3C25A292E6BCABE00A4CAB6 /* Build configuration list for PBXNativeTarget "SmartMemo - シンプルリマインダーUITests" */;
			buildPhases = (
				C3C25A152E6BCABE00A4CAB6 /* Sources */,
				C3C25A162E6BCABE00A4CAB6 /* Frameworks */,
				C3C25A172E6BCABE00A4CAB6 /* Resources */,
			);
			buildRules = (
			);
			dependencies = (
				C3C25A1B2E6BCABE00A4CAB6 /* PBXTargetDependency */,
			);
			fileSystemSynchronizedGroups = (
				C3C25A1C2E6BCABE00A4CAB6 /* ToDo通知UITests */,
			);
			name = "SmartMemo - シンプルリマインダーUITests";
			packageProductDependencies = (
			);
			productName = "Notification memo1UITests";
			productReference = C3C25A192E6BCABE00A4CAB6 /* SmartMemo - シンプルリマインダーUITests.xctest */;
			productType = "com.apple.product-type.bundle.ui-testing";
		};
/* End PBXNativeTarget section */

/* Begin PBXProject section */
		C3C259F92E6BCABD00A4CAB6 /* Project object */ = {
			isa = PBXProject;
			attributes = {
				BuildIndependentTargetsInParallel = 1;
				LastSwiftUpdateCheck = 1640;
				LastUpgradeCheck = 1640;
				TargetAttributes = {
					C3C25A002E6BCABD00A4CAB6 = {
						CreatedOnToolsVersion = 16.4;
					};
					C3C25A0E2E6BCABE00A4CAB6 = {
						CreatedOnToolsVersion = 16.4;
						TestTargetID = C3C25A002E6BCABD00A4CAB6;
					};
					C3C25A182E6BCABE00A4CAB6 = {
						CreatedOnToolsVersion = 16.4;
						TestTargetID = C3C25A002E6BCABD00A4CAB6;
					};
				};
			};
			buildConfigurationList = C3C259FC2E6BCABD00A4CAB6 /* Build configuration list for PBXProject "SmartMemo - シンプルリマインダー" */;
			developmentRegion = en;
			hasScannedForEncodings = 0;
			knownRegions = (
				en,
				Base,
			);
			mainGroup = C3C259F82E6BCABD00A4CAB6;
			minimizedProjectReferenceProxies = 1;
			preferredProjectObjectVersion = 77;
			productRefGroup = C3C25A022E6BCABD00A4CAB6 /* Products */;
			projectDirPath = "";
			projectRoot = "";
			targets = (
				C3C25A002E6BCABD00A4CAB6 /* SmartMemo - シンプルリマインダー */,
				C3C25A0E2E6BCABE00A4CAB6 /* SmartMemo - シンプルリマインダーTests */,
				C3C25A182E6BCABE00A4CAB6 /* SmartMemo - シンプルリマインダーUITests */,
			);
		};
/* End PBXProject section */

/* Begin PBXResourcesBuildPhase section */
		C3C259FF2E6BCABD00A4CAB6 /* Resources */ = {
			isa = PBXResourcesBuildPhase;
			buildActionMask = 2147483647;
			files = (
			);
			runOnlyForDeploymentPostprocessing = 0;
		};
		C3C25A0D2E6BCABE00A4CAB6 /* Resources */ = {
			isa = PBXResourcesBuildPhase;
			buildActionMask = 2147483647;
			files = (
			);
			runOnlyForDeploymentPostprocessing = 0;
		};
		C3C25A172E6BCABE00A4CAB6 /* Resources */ = {
			isa = PBXResourcesBuildPhase;
			buildActionMask = 2147483647;
			files = (
			);
			runOnlyForDeploymentPostprocessing = 0;
		};
/* End PBXResourcesBuildPhase section */

/* Begin PBXSourcesBuildPhase section */
		C3C259FD2E6BCABD00A4CAB6 /* Sources */ = {
			isa = PBXSourcesBuildPhase;
			buildActionMask = 2147483647;
			files = (
			);
			runOnlyForDeploymentPostprocessing = 0;
		};
		C3C25A0B2E6BCABE00A4CAB6 /* Sources */ = {
			isa = PBXSourcesBuildPhase;
			buildActionMask = 2147483647;
			files = (
			);
			runOnlyForDeploymentPostprocessing = 0;
		};
		C3C25A152E6BCABE00A4CAB6 /* Sources */ = {
			isa = PBXSourcesBuildPhase;
			buildActionMask = 2147483647;
			files = (
			);
			runOnlyForDeploymentPostprocessing = 0;
		};
/* End PBXSourcesBuildPhase section */

/* Begin PBXTargetDependency section */
		C3C25A112E6BCABE00A4CAB6 /* PBXTargetDependency */ = {
			isa = PBXTargetDependency;
			target = C3C25A002E6BCABD00A4CAB6 /* SmartMemo - シンプルリマインダー */;
			targetProxy = C3C25A102E6BCABE00A4CAB6 /* PBXContainerItemProxy */;
		};
		C3C25A1B2E6BCABE00A4CAB6 /* PBXTargetDependency */ = {
			isa = PBXTargetDependency;
			target = C3C25A002E6BCABD00A4CAB6 /* SmartMemo - シンプルリマインダー */;
			targetProxy = C3C25A1A2E6BCABE00A4CAB6 /* PBXContainerItemProxy */;
		};
/* End PBXTargetDependency section */

/* Begin XCBuildConfiguration section */
		C3C25A212E6BCABE00A4CAB6 /* Debug */ = {
			isa = XCBuildConfiguration;
			buildSettings = {
				ALWAYS_SEARCH_USER_PATHS = NO;
				ASSETCATALOG_COMPILER_GENERATE_SWIFT_ASSET_SYMBOL_EXTENSIONS = YES;
				CLANG_ANALYZER_NONNULL = YES;
				CLANG_ANALYZER_NUMBER_OBJECT_CONVERSION = YES_AGGRESSIVE;
				CLANG_CXX_LANGUAGE_STANDARD = "gnu++20";
				CLANG_ENABLE_MODULES = YES;
				CLANG_ENABLE_OBJC_ARC = YES;
				CLANG_ENABLE_OBJC_WEAK = YES;
				CLANG_WARN_BLOCK_CAPTURE_AUTORELEASING = YES;
				CLANG_WARN_BOOL_CONVERSION = YES;
				CLANG_WARN_COMMA = YES;
				CLANG_WARN_CONSTANT_CONVERSION = YES;
				CLANG_WARN_DEPRECATED_OBJC_IMPLEMENTATIONS = YES;
				CLANG_WARN_DIRECT_OBJC_ISA_USAGE = YES_ERROR;
				CLANG_WARN_DOCUMENTATION_COMMENTS = YES;
				CLANG_WARN_EMPTY_BODY = YES;
				CLANG_WARN_ENUM_CONVERSION = YES;
				CLANG_WARN_INFINITE_RECURSION = YES;
				CLANG_WARN_INT_CONVERSION = YES;
				CLANG_WARN_NON_LITERAL_NULL_CONVERSION = YES;
				CLANG_WARN_OBJC_IMPLICIT_RETAIN_SELF = YES;
				CLANG_WARN_OBJC_LITERAL_CONVERSION = YES;
				CLANG_WARN_OBJC_ROOT_CLASS = YES_ERROR;
				CLANG_WARN_QUOTED_INCLUDE_IN_FRAMEWORK_HEADER = YES;
				CLANG_WARN_RANGE_LOOP_ANALYSIS = YES;
				CLANG_WARN_STRICT_PROTOTYPES = YES;
				CLANG_WARN_SUSPICIOUS_MOVE = YES;
				CLANG_WARN_UNGUARDED_AVAILABILITY = YES_AGGRESSIVE;
				CLANG_WARN_UNREACHABLE_CODE = YES;
				CLANG_WARN__DUPLICATE_METHOD_MATCH = YES;
				COPY_PHASE_STRIP = NO;
				DEBUG_INFORMATION_FORMAT = dwarf;
				ENABLE_STRICT_OBJC_MSGSEND = YES;
				ENABLE_TESTABILITY = YES;
				ENABLE_USER_SCRIPT_SANDBOXING = YES;
				GCC_C_LANGUAGE_STANDARD = gnu17;
				GCC_DYNAMIC_NO_PIC = NO;
				GCC_NO_COMMON_BLOCKS = YES;
				GCC_OPTIMIZATION_LEVEL = 0;
				GCC_PREPROCESSOR_DEFINITIONS = (
					"DEBUG=1",
					"$(inherited)",
				);
				GCC_WARN_64_TO_32_BIT_CONVERSION = YES;
				GCC_WARN_ABOUT_RETURN_TYPE = YES_ERROR;
				GCC_WARN_UNDECLARED_SELECTOR = YES;
				GCC_WARN_UNINITIALIZED_AUTOS = YES_AGGRESSIVE;
				GCC_WARN_UNUSED_FUNCTION = YES;
				GCC_WARN_UNUSED_VARIABLE = YES;
				LOCALIZATION_PREFERS_STRING_CATALOGS = YES;
				MTL_ENABLE_DEBUG_INFO = INCLUDE_SOURCE;
				MTL_FAST_MATH = YES;
				ONLY_ACTIVE_ARCH = YES;
				SWIFT_ACTIVE_COMPILATION_CONDITIONS = "DEBUG $(inherited)";
				SWIFT_OPTIMIZATION_LEVEL = "-Onone";
			};
			name = Debug;
		};
		C3C25A222E6BCABE00A4CAB6 /* Release */ = {
			isa = XCBuildConfiguration;
			buildSettings = {
				ALWAYS_SEARCH_USER_PATHS = NO;
				ASSETCATALOG_COMPILER_GENERATE_SWIFT_ASSET_SYMBOL_EXTENSIONS = YES;
				CLANG_ANALYZER_NONNULL = YES;
				CLANG_ANALYZER_NUMBER_OBJECT_CONVERSION = YES_AGGRESSIVE;
				CLANG_CXX_LANGUAGE_STANDARD = "gnu++20";
				CLANG_ENABLE_MODULES = YES;
				CLANG_ENABLE_OBJC_ARC = YES;
				CLANG_ENABLE_OBJC_WEAK = YES;
				CLANG_WARN_BLOCK_CAPTURE_AUTORELEASING = YES;
				CLANG_WARN_BOOL_CONVERSION = YES;
				CLANG_WARN_COMMA = YES;
				CLANG_WARN_CONSTANT_CONVERSION = YES;
				CLANG_WARN_DEPRECATED_OBJC_IMPLEMENTATIONS = YES;
				CLANG_WARN_DIRECT_OBJC_ISA_USAGE = YES_ERROR;
				CLANG_WARN_DOCUMENTATION_COMMENTS = YES;
				CLANG_WARN_EMPTY_BODY = YES;
				CLANG_WARN_ENUM_CONVERSION = YES;
				CLANG_WARN_INFINITE_RECURSION = YES;
				CLANG_WARN_INT_CONVERSION = YES;
				CLANG_WARN_NON_LITERAL_NULL_CONVERSION = YES;
				CLANG_WARN_OBJC_IMPLICIT_RETAIN_SELF = YES;
				CLANG_WARN_OBJC_LITERAL_CONVERSION = YES;
				CLANG_WARN_OBJC_ROOT_CLASS = YES_ERROR;
				CLANG_WARN_QUOTED_INCLUDE_IN_FRAMEWORK_HEADER = YES;
				CLANG_WARN_RANGE_LOOP_ANALYSIS = YES;
				CLANG_WARN_STRICT_PROTOTYPES = YES;
				CLANG_WARN_SUSPICIOUS_MOVE = YES;
				CLANG_WARN_UNGUARDED_AVAILABILITY = YES_AGGRESSIVE;
				CLANG_WARN_UNREACHABLE_CODE = YES;
				CLANG_WARN__DUPLICATE_METHOD_MATCH = YES;
				COPY_PHASE_STRIP = NO;
				DEBUG_INFORMATION_FORMAT = "dwarf-with-dsym";
				ENABLE_NS_ASSERTIONS = NO;
				ENABLE_STRICT_OBJC_MSGSEND = YES;
				ENABLE_USER_SCRIPT_SANDBOXING = YES;
				GCC_C_LANGUAGE_STANDARD = gnu17;
				GCC_NO_COMMON_BLOCKS = YES;
				GCC_WARN_64_TO_32_BIT_CONVERSION = YES;
				GCC_WARN_ABOUT_RETURN_TYPE = YES_ERROR;
				GCC_WARN_UNDECLARED_SELECTOR = YES;
				GCC_WARN_UNINITIALIZED_AUTOS = YES_AGGRESSIVE;
				GCC_WARN_UNUSED_FUNCTION = YES;
				GCC_WARN_UNUSED_VARIABLE = YES;
				LOCALIZATION_PREFERS_STRING_CATALOGS = YES;
				MTL_ENABLE_DEBUG_INFO = NO;
				MTL_FAST_MATH = YES;
				SWIFT_COMPILATION_MODE = wholemodule;
			};
			name = Release;
		};
		C3C25A242E6BCABE00A4CAB6 /* Debug */ = {
			isa = XCBuildConfiguration;
			buildSettings = {
				ASSETCATALOG_COMPILER_APPICON_NAME = AppIcon;
				ASSETCATALOG_COMPILER_GLOBAL_ACCENT_COLOR_NAME = AccentColor;
				CODE_SIGN_ENTITLEMENTS = "ToDo通知/ToDo通知.entitlements";
				CODE_SIGN_IDENTITY = "Apple Development";
				CODE_SIGN_STYLE = Automatic;
				CURRENT_PROJECT_VERSION = 1;
				DEVELOPMENT_TEAM = 5DJ89U73Z7;
				ENABLE_PREVIEWS = YES;
				GENERATE_INFOPLIST_FILE = YES;
				INFOPLIST_KEY_CFBundleDisplayName = SmartMemo;
				INFOPLIST_KEY_LSApplicationCategoryType = "public.app-category.utilities";
				"INFOPLIST_KEY_UIApplicationSceneManifest_Generation[sdk=iphoneos*]" = YES;
				"INFOPLIST_KEY_UIApplicationSceneManifest_Generation[sdk=iphonesimulator*]" = YES;
				"INFOPLIST_KEY_UIApplicationSupportsIndirectInputEvents[sdk=iphoneos*]" = YES;
				"INFOPLIST_KEY_UIApplicationSupportsIndirectInputEvents[sdk=iphonesimulator*]" = YES;
				"INFOPLIST_KEY_UILaunchScreen_Generation[sdk=iphoneos*]" = YES;
				"INFOPLIST_KEY_UILaunchScreen_Generation[sdk=iphonesimulator*]" = YES;
				"INFOPLIST_KEY_UIStatusBarStyle[sdk=iphoneos*]" = UIStatusBarStyleDefault;
				"INFOPLIST_KEY_UIStatusBarStyle[sdk=iphonesimulator*]" = UIStatusBarStyleDefault;
				INFOPLIST_KEY_UISupportedInterfaceOrientations_iPad = "UIInterfaceOrientationPortrait UIInterfaceOrientationPortraitUpsideDown UIInterfaceOrientationLandscapeLeft UIInterfaceOrientationLandscapeRight";
				INFOPLIST_KEY_UISupportedInterfaceOrientations_iPhone = "UIInterfaceOrientationPortrait UIInterfaceOrientationLandscapeLeft UIInterfaceOrientationLandscapeRight";
				IPHONEOS_DEPLOYMENT_TARGET = 18.5;
				LD_RUNPATH_SEARCH_PATHS = "@executable_path/Frameworks";
				"LD_RUNPATH_SEARCH_PATHS[sdk=macosx*]" = "@executable_path/../Frameworks";
				MACOSX_DEPLOYMENT_TARGET = 15.3;
				MARKETING_VERSION = 1.0;
				PRODUCT_BUNDLE_IDENTIFIER = com.keito.smartmemo;
				PRODUCT_NAME = "$(TARGET_NAME)";
				PROVISIONING_PROFILE_SPECIFIER = "";
				REGISTER_APP_GROUPS = YES;
				SDKROOT = auto;
				SUPPORTED_PLATFORMS = "iphoneos iphonesimulator macosx xros xrsimulator";
				SWIFT_EMIT_LOC_STRINGS = YES;
				SWIFT_VERSION = 5.0;
				TARGETED_DEVICE_FAMILY = "1,2,7";
				XROS_DEPLOYMENT_TARGET = 2.5;
			};
			name = Debug;
		};
		C3C25A252E6BCABE00A4CAB6 /* Release */ = {
			isa = XCBuildConfiguration;
			buildSettings = {
				ASSETCATALOG_COMPILER_APPICON_NAME = AppIcon;
				ASSETCATALOG_COMPILER_GLOBAL_ACCENT_COLOR_NAME = AccentColor;
				CODE_SIGN_ENTITLEMENTS = "ToDo通知/ToDo通知.entitlements";
				CODE_SIGN_IDENTITY = "Apple Development";
				CODE_SIGN_STYLE = Automatic;
				CURRENT_PROJECT_VERSION = 1;
				DEVELOPMENT_TEAM = 5DJ89U73Z7;
				ENABLE_PREVIEWS = YES;
				GENERATE_INFOPLIST_FILE = YES;
				INFOPLIST_KEY_CFBundleDisplayName = SmartMemo;
				INFOPLIST_KEY_LSApplicationCategoryType = "public.app-category.utilities";
				"INFOPLIST_KEY_UIApplicationSceneManifest_Generation[sdk=iphoneos*]" = YES;
				"INFOPLIST_KEY_UIApplicationSceneManifest_Generation[sdk=iphonesimulator*]" = YES;
				"INFOPLIST_KEY_UIApplicationSupportsIndirectInputEvents[sdk=iphoneos*]" = YES;
				"INFOPLIST_KEY_UIApplicationSupportsIndirectInputEvents[sdk=iphonesimulator*]" = YES;
				"INFOPLIST_KEY_UILaunchScreen_Generation[sdk=iphoneos*]" = YES;
				"INFOPLIST_KEY_UILaunchScreen_Generation[sdk=iphonesimulator*]" = YES;
				"INFOPLIST_KEY_UIStatusBarStyle[sdk=iphoneos*]" = UIStatusBarStyleDefault;
				"INFOPLIST_KEY_UIStatusBarStyle[sdk=iphonesimulator*]" = UIStatusBarStyleDefault;
				INFOPLIST_KEY_UISupportedInterfaceOrientations_iPad = "UIInterfaceOrientationPortrait UIInterfaceOrientationPortraitUpsideDown UIInterfaceOrientationLandscapeLeft UIInterfaceOrientationLandscapeRight";
				INFOPLIST_KEY_UISupportedInterfaceOrientations_iPhone = "UIInterfaceOrientationPortrait UIInterfaceOrientationLandscapeLeft UIInterfaceOrientationLandscapeRight";
				IPHONEOS_DEPLOYMENT_TARGET = 18.5;
				LD_RUNPATH_SEARCH_PATHS = "@executable_path/Frameworks";
				"LD_RUNPATH_SEARCH_PATHS[sdk=macosx*]" = "@executable_path/../Frameworks";
				MACOSX_DEPLOYMENT_TARGET = 15.3;
				MARKETING_VERSION = 1.0;
				PRODUCT_BUNDLE_IDENTIFIER = com.keito.smartmemo;
				PRODUCT_NAME = "$(TARGET_NAME)";
				PROVISIONING_PROFILE_SPECIFIER = "";
				REGISTER_APP_GROUPS = YES;
				SDKROOT = auto;
				SUPPORTED_PLATFORMS = "iphoneos iphonesimulator macosx xros xrsimulator";
				SWIFT_EMIT_LOC_STRINGS = YES;
				SWIFT_VERSION = 5.0;
				TARGETED_DEVICE_FAMILY = "1,2,7";
				XROS_DEPLOYMENT_TARGET = 2.5;
			};
			name = Release;
		};
		C3C25A272E6BCABE00A4CAB6 /* Debug */ = {
			isa = XCBuildConfiguration;
			buildSettings = {
				BUNDLE_LOADER = "$(TEST_HOST)";
				CODE_SIGN_STYLE = Automatic;
				CURRENT_PROJECT_VERSION = 1;
				GENERATE_INFOPLIST_FILE = YES;
				IPHONEOS_DEPLOYMENT_TARGET = 18.5;
				MACOSX_DEPLOYMENT_TARGET = 15.3;
				MARKETING_VERSION = 1.0;
				PRODUCT_BUNDLE_IDENTIFIER = "Indy.ToDo通知Tests";
				PRODUCT_NAME = "$(TARGET_NAME)";
				SDKROOT = auto;
				SUPPORTED_PLATFORMS = "iphoneos iphonesimulator macosx xros xrsimulator";
				SWIFT_EMIT_LOC_STRINGS = NO;
				SWIFT_VERSION = 5.0;
				TARGETED_DEVICE_FAMILY = "1,2,7";
				TEST_HOST = "$(BUILT_PRODUCTS_DIR)/SmartMemo - シンプルリマインダー.app/$(BUNDLE_EXECUTABLE_FOLDER_PATH)/SmartMemo - シンプルリマインダー";
				XROS_DEPLOYMENT_TARGET = 2.5;
			};
			name = Debug;
		};
		C3C25A282E6BCABE00A4CAB6 /* Release */ = {
			isa = XCBuildConfiguration;
			buildSettings = {
				BUNDLE_LOADER = "$(TEST_HOST)";
				CODE_SIGN_STYLE = Automatic;
				CURRENT_PROJECT_VERSION = 1;
				GENERATE_INFOPLIST_FILE = YES;
				IPHONEOS_DEPLOYMENT_TARGET = 18.5;
				MACOSX_DEPLOYMENT_TARGET = 15.3;
				MARKETING_VERSION = 1.0;
				PRODUCT_BUNDLE_IDENTIFIER = "Indy.ToDo通知Tests";
				PRODUCT_NAME = "$(TARGET_NAME)";
				SDKROOT = auto;
				SUPPORTED_PLATFORMS = "iphoneos iphonesimulator macosx xros xrsimulator";
				SWIFT_EMIT_LOC_STRINGS = NO;
				SWIFT_VERSION = 5.0;
				TARGETED_DEVICE_FAMILY = "1,2,7";
				TEST_HOST = "$(BUILT_PRODUCTS_DIR)/SmartMemo - シンプルリマインダー.app/$(BUNDLE_EXECUTABLE_FOLDER_PATH)/SmartMemo - シンプルリマインダー";
				XROS_DEPLOYMENT_TARGET = 2.5;
			};
			name = Release;
		};
		C3C25A2A2E6BCABE00A4CAB6 /* Debug */ = {
			isa = XCBuildConfiguration;
			buildSettings = {
				CODE_SIGN_STYLE = Automatic;
				CURRENT_PROJECT_VERSION = 1;
				GENERATE_INFOPLIST_FILE = YES;
				IPHONEOS_DEPLOYMENT_TARGET = 18.5;
				MACOSX_DEPLOYMENT_TARGET = 15.3;
				MARKETING_VERSION = 1.0;
				PRODUCT_BUNDLE_IDENTIFIER = "Indy.ToDo通知UITests";
				PRODUCT_NAME = "$(TARGET_NAME)";
				SDKROOT = auto;
				SUPPORTED_PLATFORMS = "iphoneos iphonesimulator macosx xros xrsimulator";
				SWIFT_EMIT_LOC_STRINGS = NO;
				SWIFT_VERSION = 5.0;
				TARGETED_DEVICE_FAMILY = "1,2,7";
				TEST_TARGET_NAME = "ToDo通知";
				XROS_DEPLOYMENT_TARGET = 2.5;
			};
			name = Debug;
		};
		C3C25A2B2E6BCABE00A4CAB6 /* Release */ = {
			isa = XCBuildConfiguration;
			buildSettings = {
				CODE_SIGN_STYLE = Automatic;
				CURRENT_PROJECT_VERSION = 1;
				GENERATE_INFOPLIST_FILE = YES;
				IPHONEOS_DEPLOYMENT_TARGET = 18.5;
				MACOSX_DEPLOYMENT_TARGET = 15.3;
				MARKETING_VERSION = 1.0;
				PRODUCT_BUNDLE_IDENTIFIER = "Indy.ToDo通知UITests";
				PRODUCT_NAME = "$(TARGET_NAME)";
				SDKROOT = auto;
				SUPPORTED_PLATFORMS = "iphoneos iphonesimulator macosx xros xrsimulator";
				SWIFT_EMIT_LOC_STRINGS = NO;
				SWIFT_VERSION = 5.0;
				TARGETED_DEVICE_FAMILY = "1,2,7";
				TEST_TARGET_NAME = "ToDo通知";
				XROS_DEPLOYMENT_TARGET = 2.5;
			};
			name = Release;
		};
/* End XCBuildConfiguration section */

/* Begin XCConfigurationList section */
		C3C259FC2E6BCABD00A4CAB6 /* Build configuration list for PBXProject "SmartMemo - シンプルリマインダー" */ = {
			isa = XCConfigurationList;
			buildConfigurations = (
				C3C25A212E6BCABE00A4CAB6 /* Debug */,
				C3C25A222E6BCABE00A4CAB6 /* Release */,
			);
			defaultConfigurationIsVisible = 0;
			defaultConfigurationName = Release;
		};
		C3C25A232E6BCABE00A4CAB6 /* Build configuration list for PBXNativeTarget "SmartMemo - シンプルリマインダー" */ = {
			isa = XCConfigurationList;
			buildConfigurations = (
				C3C25A242E6BCABE00A4CAB6 /* Debug */,
				C3C25A252E6BCABE00A4CAB6 /* Release */,
			);
			defaultConfigurationIsVisible = 0;
			defaultConfigurationName = Release;
		};
		C3C25A262E6BCABE00A4CAB6 /* Build configuration list for PBXNativeTarget "SmartMemo - シンプルリマインダーTests" */ = {
			isa = XCConfigurationList;
			buildConfigurations = (
				C3C25A272E6BCABE00A4CAB6 /* Debug */,
				C3C25A282E6BCABE00A4CAB6 /* Release */,
			);
			defaultConfigurationIsVisible = 0;
			defaultConfigurationName = Release;
		};
		C3C25A292E6BCABE00A4CAB6 /* Build configuration list for PBXNativeTarget "SmartMemo - シンプルリマインダーUITests" */ = {
			isa = XCConfigurationList;
			buildConfigurations = (
				C3C25A2A2E6BCABE00A4CAB6 /* Debug */,
				C3C25A2B2E6BCABE00A4CAB6 /* Release */,
			);
			defaultConfigurationIsVisible = 0;
			defaultConfigurationName = Release;
		};
/* End XCConfigurationList section */
	};
	rootObject = C3C259F92E6BCABD00A4CAB6 /* Project object */;
}
